{
  "name": "auto-chrome",
  "version": "0.11.3",
  "lockfileVersion": 1,
  "requires": true,
  "dependencies": {
    "async-limiter": {
      "version": "1.0.0",
      "resolved": "https://registry.npmjs.org/async-limiter/-/async-limiter-1.0.0.tgz",
      "integrity": "sha512-jp/uFnooOiO+L211eZOoSyzpOITMXx1rBITauYykG3BRYPu8h0UcxsPNB04RR5vo4Tyz3+ay17tR6JVf9qzYWg=="
    },
    "fs-extra": {
      "version": "7.0.1",
      "resolved": "https://registry.npmjs.org/fs-extra/-/fs-extra-7.0.1.tgz",
      "integrity": "sha512-YJDaCJZEnBmcbw13fvdAM9AwNOJwOzrE4pqMqBq5nFiEqXUqHwlK4B+3pUw6JNvfSPtX05xFHtYy/1ni01eGCw==",
      "requires": {
        "graceful-fs": "^4.1.2",
        "jsonfile": "^4.0.0",
        "universalify": "^0.1.0"
      }
    },
    "graceful-fs": {
      "version": "4.1.15",
      "resolved": "https://registry.npmjs.org/graceful-fs/-/graceful-fs-4.1.15.tgz",
      "integrity": "sha512-6uHUhOPEBgQ24HM+r6b/QwWfZq+yiFcipKFrOFiBEnWdy5sdzYoi+pJeQaPI5qOLRFqWmAXUPQNsielzdLoecA=="
    },
    "jsonfile": {
      "version": "4.0.0",
      "resolved": "https://registry.npmjs.org/jsonfile/-/jsonfile-4.0.0.tgz",
      "integrity": "sha1-h3Gq4HmbZAdrdmQPygWPnBDjPss=",
      "requires": {
        "graceful-fs": "^4.1.6"
      }
    },
    "loggercc": {
      "version": "1.3.1",
      "resolved": "https://registry.npmjs.org/loggercc/-/loggercc-1.3.1.tgz",
      "integrity": "sha512-pk9q+mXb9yGnOMp2nHZQxWWTLEU0Jl/A4p6AhpHovzabTyc8m2Sx8iyPWPzTOfN5c5lF5C3mLGMjLVSGrsNaKA==",
      "requires": {
        "fs-extra": "^7.0.0"
      }
    },
    "timechain": {
      "version": "1.3.2",
      "resolved": "https://registry.npmjs.org/timechain/-/timechain-1.3.2.tgz",
      "integrity": "sha512-exaE7hSkrxf1rV2qN9LdEw6Mm3Dp9KT2i51tPAvX6+/ESJHLaAQaiXTInbm7SPC2vq55bba8PdkyFD2j4JOAxg=="
    },
    "universalify": {
      "version": "0.1.2",
      "resolved": "https://registry.npmjs.org/universalify/-/universalify-0.1.2.tgz",
      "integrity": "sha512-rBJeI5CXAlmy1pV+617WB9J63U6XcazHHF2f2dbJix4XzpUF0RS3Zbj0FGIOCAva5P/d/GBOYaACQ1w+0azUkg=="
    },
    "ws": {
      "version": "6.1.2",
      "resolved": "https://registry.npmjs.org/ws/-/ws-6.1.2.tgz",
      "integrity": "sha512-rfUqzvz0WxmSXtJpPMX2EeASXabOrSMk1ruMOV3JBTBjo4ac2lDjGGsbQSyxj8Odhw5fBib8ZKEjDNvgouNKYw==",
      "requires": {
        "async-limiter": "~1.0.0"
      }
    },
    "zpromise": {
      "version": "1.5.0",
      "resolved": "https://registry.npmjs.org/zpromise/-/zpromise-1.5.0.tgz",
      "integrity": "sha512-tYS9/X29mpqw2lpLgVQUUKrPfgaTeqoCvIe709GF45qOu16PadtsAv9peVmjZK7k+kAb+8miknmXftqdS0ew3w=="
    }
  }
}
