{
  "name": "auto-chrome",
  "version": "1.0.7",
  "lockfileVersion": 1,
  "requires": true,
  "dependencies": {
    "fs-extra": {
      "version": "7.0.1",
      "resolved": "https://registry.npmjs.org/fs-extra/-/fs-extra-7.0.1.tgz",
      "integrity": "sha512-YJDaCJZEnBmcbw13fvdAM9AwNOJwOzrE4pqMqBq5nFiEqXUqHwlK4B+3pUw6JNvfSPtX05xFHtYy/1ni01eGCw==",
      "requires": {
        "graceful-fs": "^4.1.2",
        "jsonfile": "^4.0.0",
        "universalify": "^0.1.0"
      }
    },
    "graceful-fs": {
      "version": "4.1.15",
      "resolved": "https://registry.npmjs.org/graceful-fs/-/graceful-fs-4.1.15.tgz",
      "integrity": "sha512-6uHUhOPEBgQ24HM+r6b/QwWfZq+yiFcipKFrOFiBEnWdy5sdzYoi+pJeQaPI5qOLRFqWmAXUPQNsielzdLoecA=="
    },
    "jsonfile": {
      "version": "4.0.0",
      "resolved": "https://registry.npmjs.org/jsonfile/-/jsonfile-4.0.0.tgz",
      "integrity": "sha1-h3Gq4HmbZAdrdmQPygWPnBDjPss=",
      "requires": {
        "graceful-fs": "^4.1.6"
      }
    },
    "loggercc": {
      "version": "1.3.2",
      "resolved": "https://registry.npmjs.org/loggercc/-/loggercc-1.3.2.tgz",
      "integrity": "sha512-aZjsjztPYIbOxZFKk/rXBUbtlno28JSvIVpHJ0PLg6hjm0Ru9nS9Sy94qqaU8borG6pS7WGoCIOj5WUe+sBUAQ==",
      "requires": {
        "fs-extra": "^7.0.0"
      }
    },
    "timechain": {
      "version": "1.3.4",
      "resolved": "https://registry.npmjs.org/timechain/-/timechain-1.3.4.tgz",
      "integrity": "sha512-qQzcPnIYA2XDGLpOdrf8Xgl/S1BVMNThwf4g/CB6eZmwkOZMQe7YB4hymLAsJ+rF+0vHeLE9KsivcH2RKn6ZWA=="
    },
    "universalify": {
      "version": "0.1.2",
      "resolved": "https://registry.npmjs.org/universalify/-/universalify-0.1.2.tgz",
      "integrity": "sha512-rBJeI5CXAlmy1pV+617WB9J63U6XcazHHF2f2dbJix4XzpUF0RS3Zbj0FGIOCAva5P/d/GBOYaACQ1w+0azUkg=="
    },
    "zpromise": {
      "version": "1.5.3",
      "resolved": "https://registry.npmjs.org/zpromise/-/zpromise-1.5.3.tgz",
      "integrity": "sha512-3y+/Bxn8zmW9gu5zMR7nwHCZ2LcqoaBgz3rBf4nnQteaxke6HojeQLCiwPhh36t6P2g8+hUobiVzZCNZRBWfdA=="
    }
  }
}
